
Microsoft Visual Studio Solution File, Format Version 12.00
# Visual Studio 15
VisualStudioVersion = 15.0.28307.421
MinimumVisualStudioVersion = 10.0.40219.1
Project("{9A19103F-16F7-4668-BE54-9A1E7A4F7556}") = "coreBookStore", "coreBookStore\coreBookStore.csproj", "{87BCFF90-8212-4905-B638-6BDC07A49B1A}"
EndProject
Project("{9A19103F-16F7-4668-BE54-9A1E7A4F7556}") = "OnlineBookStoreUser", "OnlineBookStoreUser\OnlineBookStoreUser.csproj", "{3F18D65C-DB5C-46BB-9450-6D47D32A569B}"
EndProject
Project("{9A19103F-16F7-4668-BE54-9A1E7A4F7556}") = "AdminTestingProject", "AdminTestingProject\AdminTestingProject.csproj", "{A90B5309-B382-4E85-89CC-0A4BAA0D3FBD}"
EndProject
Project("{FAE04EC0-301F-11D3-BF4B-00C04F79EFBC}") = "OnlineUserTesting", "OnlineUserTesting\OnlineUserTesting.csproj", "{4278618D-F57D-48DB-AA4E-ECBD957C5E4A}"
EndProject
Global
	GlobalSection(SolutionConfigurationPlatforms) = preSolution
		Debug|Any CPU = Debug|Any CPU
		Release|Any CPU = Release|Any CPU
	EndGlobalSection
	GlobalSection(ProjectConfigurationPlatforms) = postSolution
		{87BCFF90-8212-4905-B638-6BDC07A49B1A}.Debug|Any CPU.ActiveCfg = Debug|Any CPU
		{87BCFF90-8212-4905-B638-6BDC07A49B1A}.Debug|Any CPU.Build.0 = Debug|Any CPU
		{87BCFF90-8212-4905-B638-6BDC07A49B1A}.Release|Any CPU.ActiveCfg = Release|Any CPU
		{87BCFF90-8212-4905-B638-6BDC07A49B1A}.Release|Any CPU.Build.0 = Release|Any CPU
		{3F18D65C-DB5C-46BB-9450-6D47D32A569B}.Debug|Any CPU.ActiveCfg = Debug|Any CPU
		{3F18D65C-DB5C-46BB-9450-6D47D32A569B}.Debug|Any CPU.Build.0 = Debug|Any CPU
		{3F18D65C-DB5C-46BB-9450-6D47D32A569B}.Release|Any CPU.ActiveCfg = Release|Any CPU
		{3F18D65C-DB5C-46BB-9450-6D47D32A569B}.Release|Any CPU.Build.0 = Release|Any CPU
		{A90B5309-B382-4E85-89CC-0A4BAA0D3FBD}.Debug|Any CPU.ActiveCfg = Debug|Any CPU
		{A90B5309-B382-4E85-89CC-0A4BAA0D3FBD}.Debug|Any CPU.Build.0 = Debug|Any CPU
		{A90B5309-B382-4E85-89CC-0A4BAA0D3FBD}.Release|Any CPU.ActiveCfg = Release|Any CPU
		{A90B5309-B382-4E85-89CC-0A4BAA0D3FBD}.Release|Any CPU.Build.0 = Release|Any CPU
		{4278618D-F57D-48DB-AA4E-ECBD957C5E4A}.Debug|Any CPU.ActiveCfg = Debug|Any CPU
		{4278618D-F57D-48DB-AA4E-ECBD957C5E4A}.Debug|Any CPU.Build.0 = Debug|Any CPU
		{4278618D-F57D-48DB-AA4E-ECBD957C5E4A}.Release|Any CPU.ActiveCfg = Release|Any CPU
		{4278618D-F57D-48DB-AA4E-ECBD957C5E4A}.Release|Any CPU.Build.0 = Release|Any CPU
	EndGlobalSection
	GlobalSection(SolutionProperties) = preSolution
		HideSolutionNode = FALSE
	EndGlobalSection
	GlobalSection(ExtensibilityGlobals) = postSolution
		SolutionGuid = {2B9D4E13-80FD-4D83-B4D9-4F61602B9F4B}
	EndGlobalSection
EndGlobal
